
Microsoft Visual Studio Solution File, Format Version 12.00
# Visual Studio Version 17
VisualStudioVersion = 17.0.31903.59
MinimumVisualStudioVersion = 10.0.40219.1
Project("{9A19103F-16F7-4668-BE54-9A1E7A4F7556}") = "Layout.Ui", "Layout.Ui\Layout.Ui.csproj", "{4C3F01BD-44A0-4340-8606-ED33184F3262}"
EndProject
Project("{9A19103F-16F7-4668-BE54-9A1E7A4F7556}") = "SuperCoolApp.Ui", "SuperCoolApp.Ui\SuperCoolApp.Ui.csproj", "{B1EB8C0E-739C-45E6-BFE6-0330F5814B26}"
EndProject
Project("{FAE04EC0-301F-11D3-BF4B-00C04F79EFBC}") = "Framework.Authentication", "Framework.Authentication\Framework.Authentication.csproj", "{17B0AEC7-1239-4F5D-9BBF-5B6CD8585351}"
EndProject
Global
	GlobalSection(SolutionConfigurationPlatforms) = preSolution
		Debug|Any CPU = Debug|Any CPU
		Release|Any CPU = Release|Any CPU
	EndGlobalSection
	GlobalSection(ProjectConfigurationPlatforms) = postSolution
		{4C3F01BD-44A0-4340-8606-ED33184F3262}.Debug|Any CPU.ActiveCfg = Debug|Any CPU
		{4C3F01BD-44A0-4340-8606-ED33184F3262}.Debug|Any CPU.Build.0 = Debug|Any CPU
		{4C3F01BD-44A0-4340-8606-ED33184F3262}.Release|Any CPU.ActiveCfg = Release|Any CPU
		{4C3F01BD-44A0-4340-8606-ED33184F3262}.Release|Any CPU.Build.0 = Release|Any CPU
		{B1EB8C0E-739C-45E6-BFE6-0330F5814B26}.Debug|Any CPU.ActiveCfg = Debug|Any CPU
		{B1EB8C0E-739C-45E6-BFE6-0330F5814B26}.Debug|Any CPU.Build.0 = Debug|Any CPU
		{B1EB8C0E-739C-45E6-BFE6-0330F5814B26}.Release|Any CPU.ActiveCfg = Release|Any CPU
		{B1EB8C0E-739C-45E6-BFE6-0330F5814B26}.Release|Any CPU.Build.0 = Release|Any CPU
		{17B0AEC7-1239-4F5D-9BBF-5B6CD8585351}.Debug|Any CPU.ActiveCfg = Debug|Any CPU
		{17B0AEC7-1239-4F5D-9BBF-5B6CD8585351}.Debug|Any CPU.Build.0 = Debug|Any CPU
		{17B0AEC7-1239-4F5D-9BBF-5B6CD8585351}.Release|Any CPU.ActiveCfg = Release|Any CPU
		{17B0AEC7-1239-4F5D-9BBF-5B6CD8585351}.Release|Any CPU.Build.0 = Release|Any CPU
	EndGlobalSection
	GlobalSection(SolutionProperties) = preSolution
		HideSolutionNode = FALSE
	EndGlobalSection
	GlobalSection(ExtensibilityGlobals) = postSolution
		SolutionGuid = {7915754A-0DDC-442C-A7AD-9F2CEDAFC6A4}
	EndGlobalSection
EndGlobal
